# This file is automatically @generated by Cargo.
# It is not intended for manual editing.
version = 3

[[package]]
name = "collection"
version = "0.1.0"
dependencies = [
 "linkedlist",
]

[[package]]
name = "linkedlist"
version = "0.1.1"
source = "registry+https://github.com/rust-lang/crates.io-index"
checksum = "721f0928a38d41a9f911ba868c5946343955d4702aa97b57a77cedf766e7dc77"
